{
  "name": "telnet-console",
  "version": "1.0.1-a",
  "lockfileVersion": 1,
  "requires": true,
  "dependencies": {
    "telnet": {
      "version": "git+https://github.com/TooTallNate/node-telnet.git#780340617e1f223de384cdfcb7cecf0a1a6f1159",
      "from": "git+https://github.com/TooTallNate/node-telnet.git#780340617e1f223de384cdfcb7cecf0a1a6f1159"
    }
  }
}
